
Microsoft Visual Studio Solution File, Format Version 12.00
# Visual Studio 15
VisualStudioVersion = 15.0.28307.539
MinimumVisualStudioVersion = 10.0.40219.1
Project("{FAE04EC0-301F-11D3-BF4B-00C04F79EFBC}") = "Application", "ProductSalesAnomalyDetection\Application.csproj", "{3072A49C-C615-437E-9326-A8C0EECAEC38}"
EndProject
Global
	GlobalSection(SolutionConfigurationPlatforms) = preSolution
		Debug|Any CPU = Debug|Any CPU
		Release|Any CPU = Release|Any CPU
	EndGlobalSection
	GlobalSection(ProjectConfigurationPlatforms) = postSolution
		{3072A49C-C615-437E-9326-A8C0EECAEC38}.Debug|Any CPU.ActiveCfg = Debug|Any CPU
		{3072A49C-C615-437E-9326-A8C0EECAEC38}.Debug|Any CPU.Build.0 = Debug|Any CPU
		{3072A49C-C615-437E-9326-A8C0EECAEC38}.Release|Any CPU.ActiveCfg = Release|Any CPU
		{3072A49C-C615-437E-9326-A8C0EECAEC38}.Release|Any CPU.Build.0 = Release|Any CPU
	EndGlobalSection
	GlobalSection(SolutionProperties) = preSolution
		HideSolutionNode = FALSE
	EndGlobalSection
	GlobalSection(ExtensibilityGlobals) = postSolution
		SolutionGuid = {0DBA7F40-297A-45F6-8062-D2A55DA69399}
	EndGlobalSection
EndGlobal
